Microsoft Visual Studio Solution File, Format Version 12.00
# Visual Studio Version 17
VisualStudioVersion = 17.5.2.0
MinimumVisualStudioVersion = 10.0.40219.1
Project("{FAE04EC0-301F-11D3-BF4B-00C04F79EFBC}") = "BizConnect", "BizConnect.csproj", "{8DF6CC95-2D67-51B9-DCD5-9F5F2FB987B0}"
EndProject
Global
	GlobalSection(SolutionConfigurationPlatforms) = preSolution
		Debug|Any CPU = Debug|Any CPU
		Release|Any CPU = Release|Any CPU
	EndGlobalSection
	GlobalSection(ProjectConfigurationPlatforms) = postSolution
		{8DF6CC95-2D67-51B9-DCD5-9F5F2FB987B0}.Debug|Any CPU.ActiveCfg = Debug|Any CPU
		{8DF6CC95-2D67-51B9-DCD5-9F5F2FB987B0}.Debug|Any CPU.Build.0 = Debug|Any CPU
		{8DF6CC95-2D67-51B9-DCD5-9F5F2FB987B0}.Release|Any CPU.ActiveCfg = Release|Any CPU
		{8DF6CC95-2D67-51B9-DCD5-9F5F2FB987B0}.Release|Any CPU.Build.0 = Release|Any CPU
	EndGlobalSection
	GlobalSection(SolutionProperties) = preSolution
		HideSolutionNode = FALSE
	EndGlobalSection
	GlobalSection(ExtensibilityGlobals) = postSolution
		SolutionGuid = {3D1147C3-8C59-4817-B2CB-D107995BA4A8}
	EndGlobalSection
EndGlobal
